// !$*UTF8*$!
{
	archiveVersion = 1;
	classes = {
	};
	objectVersion = 56;
	objects = {

/* Begin PBXBuildFile section */
		8E352C592E5B836B00384E52 /* DiagnosticTool.swift in Sources */ = {isa = PBXBuildFile; fileRef = 8E352C582E5B836B00384E52 /* DiagnosticTool.swift */; };
		8E9B72792E5B32D500070683 /* Assets.xcassets in Resources */ = {isa = PBXBuildFile; fileRef = 8ECF280E2E59BB03000A5748 /* Assets.xcassets */; };
		8E9F1AF22E5C94C30093C76B /* Constants.swift in Sources */ = {isa = PBXBuildFile; fileRef = 8E9F1AF12E5C94C30093C76B /* Constants.swift */; };
		8E9F1AF32E5C94EC0093C76B /* Constants.swift in Sources */ = {isa = PBXBuildFile; fileRef = 8E9F1AF12E5C94C30093C76B /* Constants.swift */; };
		8E9F1AF42E5C94EE0093C76B /* Constants.swift in Sources */ = {isa = PBXBuildFile; fileRef = 8E9F1AF12E5C94C30093C76B /* Constants.swift */; };
		8E9F1AF52E5C94EE0093C76B /* Constants.swift in Sources */ = {isa = PBXBuildFile; fileRef = 8E9F1AF12E5C94C30093C76B /* Constants.swift */; };
		8E9F1AF82E5CD12B0093C76B /* RulesConverter.swift in Sources */ = {isa = PBXBuildFile; fileRef = 8EBA84072E5BBA0900206493 /* RulesConverter.swift */; };
		8E9F1AF92E5CD12B0093C76B /* RulesConverter.swift in Sources */ = {isa = PBXBuildFile; fileRef = 8EBA84072E5BBA0900206493 /* RulesConverter.swift */; };
		8EA6702A2E5DB3F400B4F62F /* domains.txt in Resources */ = {isa = PBXBuildFile; fileRef = 8EA670292E5DB3F400B4F62F /* domains.txt */; };
		8EBA83FD2E5BB15600206493 /* blockerList.json in Resources */ = {isa = PBXBuildFile; fileRef = 8EBA83FC2E5BB15600206493 /* blockerList.json */; };
		8EBA83FF2E5BB15600206493 /* ContentBlockerRequestHandler.swift in Sources */ = {isa = PBXBuildFile; fileRef = 8EBA83FE2E5BB15600206493 /* ContentBlockerRequestHandler.swift */; };
		8EBA84032E5BB15600206493 /* adblocker.appex in Embed Foundation Extensions */ = {isa = PBXBuildFile; fileRef = 8EBA83FA2E5BB15600206493 /* adblocker.appex */; settings = {ATTRIBUTES = (RemoveHeadersOnCopy, ); }; };
		8EBA84082E5BBA0900206493 /* RulesConverter.swift in Sources */ = {isa = PBXBuildFile; fileRef = 8EBA84072E5BBA0900206493 /* RulesConverter.swift */; };
		8EBA840A2E5BBD0800206493 /* test_rules.json in Resources */ = {isa = PBXBuildFile; fileRef = 8EBA84092E5BBD0800206493 /* test_rules.json */; };
		8EC786AB2E5C52FF0024A55C /* RulesConverter.swift in Sources */ = {isa = PBXBuildFile; fileRef = 8EBA84072E5BBA0900206493 /* RulesConverter.swift */; };
		8EC786DB2E5C64D10024A55C /* blockerList.json in Resources */ = {isa = PBXBuildFile; fileRef = 8EC786DA2E5C64D10024A55C /* blockerList.json */; };
		8EC786E12E5C64D10024A55C /* sequrity.appex in Embed Foundation Extensions */ = {isa = PBXBuildFile; fileRef = 8EC786D82E5C64D10024A55C /* sequrity.appex */; settings = {ATTRIBUTES = (RemoveHeadersOnCopy, ); }; };
		8EC786EC2E5C64F30024A55C /* blockerList.json in Resources */ = {isa = PBXBuildFile; fileRef = 8EC786EB2E5C64F30024A55C /* blockerList.json */; };
		8EC786EE2E5C64F30024A55C /* ContentBlockerRequestHandler.swift in Sources */ = {isa = PBXBuildFile; fileRef = 8EC786ED2E5C64F30024A55C /* ContentBlockerRequestHandler.swift */; };
		8EC786F22E5C64F30024A55C /* privacy.appex in Embed Foundation Extensions */ = {isa = PBXBuildFile; fileRef = 8EC786E92E5C64F30024A55C /* privacy.appex */; settings = {ATTRIBUTES = (RemoveHeadersOnCopy, ); }; };
		8ECF280B2E59BAFE000A5748 /* SufrShieldApp.swift in Sources */ = {isa = PBXBuildFile; fileRef = 8ECF280A2E59BAFE000A5748 /* SufrShieldApp.swift */; };
		8ECF280D2E59BAFE000A5748 /* BlockAdsView.swift in Sources */ = {isa = PBXBuildFile; fileRef = 8ECF280C2E59BAFE000A5748 /* BlockAdsView.swift */; };
		8ECF28122E59BB03000A5748 /* Preview Assets.xcassets in Resources */ = {isa = PBXBuildFile; fileRef = 8ECF28112E59BB03000A5748 /* Preview Assets.xcassets */; };
		8ECF281A2E59BC3F000A5748 /* MainView.swift in Sources */ = {isa = PBXBuildFile; fileRef = 8ECF28192E59BC3F000A5748 /* MainView.swift */; };
		8ECF281C2E59BC45000A5748 /* TabBarView.swift in Sources */ = {isa = PBXBuildFile; fileRef = 8ECF281B2E59BC45000A5748 /* TabBarView.swift */; };
		8ECF281E2E59BC4E000A5748 /* Coordinator.swift in Sources */ = {isa = PBXBuildFile; fileRef = 8ECF281D2E59BC4E000A5748 /* Coordinator.swift */; };
		8ECF28202E59BC57000A5748 /* Screen.swift in Sources */ = {isa = PBXBuildFile; fileRef = 8ECF281F2E59BC57000A5748 /* Screen.swift */; };
		8ECF28262E59BCD4000A5748 /* Colors.swift in Sources */ = {isa = PBXBuildFile; fileRef = 8ECF28252E59BC80000A5748 /* Colors.swift */; };
		8ECF28272E59BCD6000A5748 /* Padding.swift in Sources */ = {isa = PBXBuildFile; fileRef = 8ECF28242E59BC80000A5748 /* Padding.swift */; };
		8ECF28292E59BF64000A5748 /* Colors.xcassets in Resources */ = {isa = PBXBuildFile; fileRef = 8ECF28232E59BC80000A5748 /* Colors.xcassets */; };
		8ED1F9792E5CD213000900F9 /* ContentBlockerRequestHandler.swift in Sources */ = {isa = PBXBuildFile; fileRef = 8EC786DC2E5C64D10024A55C /* ContentBlockerRequestHandler.swift */; };
/* End PBXBuildFile section */

/* Begin PBXContainerItemProxy section */
		8EBA84012E5BB15600206493 /* PBXContainerItemProxy */ = {
			isa = PBXContainerItemProxy;
			containerPortal = 8ECF27FF2E59BAFE000A5748 /* Project object */;
			proxyType = 1;
			remoteGlobalIDString = 8EBA83F92E5BB15600206493;
			remoteInfo = adblocker;
		};
		8EC786DF2E5C64D10024A55C /* PBXContainerItemProxy */ = {
			isa = PBXContainerItemProxy;
			containerPortal = 8ECF27FF2E59BAFE000A5748 /* Project object */;
			proxyType = 1;
			remoteGlobalIDString = 8EC786D72E5C64D10024A55C;
			remoteInfo = sequrity;
		};
		8EC786F02E5C64F30024A55C /* PBXContainerItemProxy */ = {
			isa = PBXContainerItemProxy;
			containerPortal = 8ECF27FF2E59BAFE000A5748 /* Project object */;
			proxyType = 1;
			remoteGlobalIDString = 8EC786E82E5C64F30024A55C;
			remoteInfo = privacy;
		};
/* End PBXContainerItemProxy section */

/* Begin PBXCopyFilesBuildPhase section */
		8E4B5F6A2E5B0C140086655B /* Embed Foundation Extensions */ = {
			isa = PBXCopyFilesBuildPhase;
			buildActionMask = 2147483647;
			dstPath = "";
			dstSubfolderSpec = 13;
			files = (
				8EC786F22E5C64F30024A55C /* privacy.appex in Embed Foundation Extensions */,
				8EC786E12E5C64D10024A55C /* sequrity.appex in Embed Foundation Extensions */,
				8EBA84032E5BB15600206493 /* adblocker.appex in Embed Foundation Extensions */,
			);
			name = "Embed Foundation Extensions";
			runOnlyForDeploymentPostprocessing = 0;
		};
/* End PBXCopyFilesBuildPhase section */

/* Begin PBXFileReference section */
		8E352C582E5B836B00384E52 /* DiagnosticTool.swift */ = {isa = PBXFileReference; fileEncoding = 4; lastKnownFileType = sourcecode.swift; path = DiagnosticTool.swift; sourceTree = "<group>"; };
		8E9F1AEF2E5C8C8B0093C76B /* SufrShield.entitlements */ = {isa = PBXFileReference; lastKnownFileType = text.plist.entitlements; path = SufrShield.entitlements; sourceTree = "<group>"; };
		8E9F1AF02E5C8CCF0093C76B /* adblocker.entitlements */ = {isa = PBXFileReference; lastKnownFileType = text.plist.entitlements; path = adblocker.entitlements; sourceTree = "<group>"; };
		8E9F1AF12E5C94C30093C76B /* Constants.swift */ = {isa = PBXFileReference; lastKnownFileType = sourcecode.swift; path = Constants.swift; sourceTree = "<group>"; };
		8E9F1AFA2E5CD15A0093C76B /* sequrity.entitlements */ = {isa = PBXFileReference; lastKnownFileType = text.plist.entitlements; path = sequrity.entitlements; sourceTree = "<group>"; };
		8EA670292E5DB3F400B4F62F /* domains.txt */ = {isa = PBXFileReference; fileEncoding = 4; lastKnownFileType = text; path = domains.txt; sourceTree = "<group>"; };
		8EBA83FA2E5BB15600206493 /* adblocker.appex */ = {isa = PBXFileReference; explicitFileType = "wrapper.app-extension"; includeInIndex = 0; path = adblocker.appex; sourceTree = BUILT_PRODUCTS_DIR; };
		8EBA83FC2E5BB15600206493 /* blockerList.json */ = {isa = PBXFileReference; lastKnownFileType = text.json; path = blockerList.json; sourceTree = "<group>"; };
		8EBA83FE2E5BB15600206493 /* ContentBlockerRequestHandler.swift */ = {isa = PBXFileReference; lastKnownFileType = sourcecode.swift; path = ContentBlockerRequestHandler.swift; sourceTree = "<group>"; };
		8EBA84002E5BB15600206493 /* Info.plist */ = {isa = PBXFileReference; lastKnownFileType = text.plist.xml; path = Info.plist; sourceTree = "<group>"; };
		8EBA84072E5BBA0900206493 /* RulesConverter.swift */ = {isa = PBXFileReference; lastKnownFileType = sourcecode.swift; path = RulesConverter.swift; sourceTree = "<group>"; };
		8EBA84092E5BBD0800206493 /* test_rules.json */ = {isa = PBXFileReference; fileEncoding = 4; lastKnownFileType = text.json; path = test_rules.json; sourceTree = "<group>"; };
		8EC786D82E5C64D10024A55C /* sequrity.appex */ = {isa = PBXFileReference; explicitFileType = "wrapper.app-extension"; includeInIndex = 0; path = sequrity.appex; sourceTree = BUILT_PRODUCTS_DIR; };
		8EC786DA2E5C64D10024A55C /* blockerList.json */ = {isa = PBXFileReference; lastKnownFileType = text.json; path = blockerList.json; sourceTree = "<group>"; };
		8EC786DC2E5C64D10024A55C /* ContentBlockerRequestHandler.swift */ = {isa = PBXFileReference; lastKnownFileType = sourcecode.swift; path = ContentBlockerRequestHandler.swift; sourceTree = "<group>"; };
		8EC786DE2E5C64D10024A55C /* Info.plist */ = {isa = PBXFileReference; lastKnownFileType = text.plist.xml; path = Info.plist; sourceTree = "<group>"; };
		8EC786E92E5C64F30024A55C /* privacy.appex */ = {isa = PBXFileReference; explicitFileType = "wrapper.app-extension"; includeInIndex = 0; path = privacy.appex; sourceTree = BUILT_PRODUCTS_DIR; };
		8EC786EB2E5C64F30024A55C /* blockerList.json */ = {isa = PBXFileReference; lastKnownFileType = text.json; path = blockerList.json; sourceTree = "<group>"; };
		8EC786ED2E5C64F30024A55C /* ContentBlockerRequestHandler.swift */ = {isa = PBXFileReference; lastKnownFileType = sourcecode.swift; path = ContentBlockerRequestHandler.swift; sourceTree = "<group>"; };
		8EC786EF2E5C64F30024A55C /* Info.plist */ = {isa = PBXFileReference; lastKnownFileType = text.plist.xml; path = Info.plist; sourceTree = "<group>"; };
		8ECF28072E59BAFE000A5748 /* SufrShield.app */ = {isa = PBXFileReference; explicitFileType = wrapper.application; includeInIndex = 0; path = SufrShield.app; sourceTree = BUILT_PRODUCTS_DIR; };
		8ECF280A2E59BAFE000A5748 /* SufrShieldApp.swift */ = {isa = PBXFileReference; lastKnownFileType = sourcecode.swift; path = SufrShieldApp.swift; sourceTree = "<group>"; };
		8ECF280C2E59BAFE000A5748 /* BlockAdsView.swift */ = {isa = PBXFileReference; lastKnownFileType = sourcecode.swift; path = BlockAdsView.swift; sourceTree = "<group>"; };
		8ECF280E2E59BB03000A5748 /* Assets.xcassets */ = {isa = PBXFileReference; lastKnownFileType = folder.assetcatalog; path = Assets.xcassets; sourceTree = "<group>"; };
		8ECF28112E59BB03000A5748 /* Preview Assets.xcassets */ = {isa = PBXFileReference; lastKnownFileType = folder.assetcatalog; path = "Preview Assets.xcassets"; sourceTree = "<group>"; };
		8ECF28192E59BC3F000A5748 /* MainView.swift */ = {isa = PBXFileReference; lastKnownFileType = sourcecode.swift; path = MainView.swift; sourceTree = "<group>"; };
		8ECF281B2E59BC45000A5748 /* TabBarView.swift */ = {isa = PBXFileReference; lastKnownFileType = sourcecode.swift; path = TabBarView.swift; sourceTree = "<group>"; };
		8ECF281D2E59BC4E000A5748 /* Coordinator.swift */ = {isa = PBXFileReference; lastKnownFileType = sourcecode.swift; path = Coordinator.swift; sourceTree = "<group>"; };
		8ECF281F2E59BC57000A5748 /* Screen.swift */ = {isa = PBXFileReference; lastKnownFileType = sourcecode.swift; path = Screen.swift; sourceTree = "<group>"; };
		8ECF28232E59BC80000A5748 /* Colors.xcassets */ = {isa = PBXFileReference; lastKnownFileType = folder.assetcatalog; path = Colors.xcassets; sourceTree = "<group>"; };
		8ECF28242E59BC80000A5748 /* Padding.swift */ = {isa = PBXFileReference; lastKnownFileType = sourcecode.swift; path = Padding.swift; sourceTree = "<group>"; };
		8ECF28252E59BC80000A5748 /* Colors.swift */ = {isa = PBXFileReference; lastKnownFileType = sourcecode.swift; path = Colors.swift; sourceTree = "<group>"; };
		8ED1F97A2E5CD248000900F9 /* privacy.entitlements */ = {isa = PBXFileReference; lastKnownFileType = text.plist.entitlements; path = privacy.entitlements; sourceTree = "<group>"; };
/* End PBXFileReference section */

/* Begin PBXFrameworksBuildPhase section */
		8EBA83F72E5BB15600206493 /* Frameworks */ = {
			isa = PBXFrameworksBuildPhase;
			buildActionMask = 2147483647;
			files = (
			);
			runOnlyForDeploymentPostprocessing = 0;
		};
		8EC786D52E5C64D10024A55C /* Frameworks */ = {
			isa = PBXFrameworksBuildPhase;
			buildActionMask = 2147483647;
			files = (
			);
			runOnlyForDeploymentPostprocessing = 0;
		};
		8EC786E62E5C64F30024A55C /* Frameworks */ = {
			isa = PBXFrameworksBuildPhase;
			buildActionMask = 2147483647;
			files = (
			);
			runOnlyForDeploymentPostprocessing = 0;
		};
		8ECF28042E59BAFE000A5748 /* Frameworks */ = {
			isa = PBXFrameworksBuildPhase;
			buildActionMask = 2147483647;
			files = (
			);
			runOnlyForDeploymentPostprocessing = 0;
		};
/* End PBXFrameworksBuildPhase section */

/* Begin PBXGroup section */
		8E9F1AF62E5CBBBE0093C76B /* Shared */ = {
			isa = PBXGroup;
			children = (
				8EBA84072E5BBA0900206493 /* RulesConverter.swift */,
			);
			path = Shared;
			sourceTree = "<group>";
		};
		8EBA83FB2E5BB15600206493 /* adblocker */ = {
			isa = PBXGroup;
			children = (
				8E9F1AF02E5C8CCF0093C76B /* adblocker.entitlements */,
				8EBA83FC2E5BB15600206493 /* blockerList.json */,
				8EBA83FE2E5BB15600206493 /* ContentBlockerRequestHandler.swift */,
				8EBA84002E5BB15600206493 /* Info.plist */,
			);
			path = adblocker;
			sourceTree = "<group>";
		};
		8EC786B02E5C58C60024A55C /* Frameworks */ = {
			isa = PBXGroup;
			children = (
			);
			name = Frameworks;
			sourceTree = "<group>";
		};
		8EC786D92E5C64D10024A55C /* sequrity */ = {
			isa = PBXGroup;
			children = (
				8E9F1AFA2E5CD15A0093C76B /* sequrity.entitlements */,
				8EC786DA2E5C64D10024A55C /* blockerList.json */,
				8EC786DC2E5C64D10024A55C /* ContentBlockerRequestHandler.swift */,
				8EC786DE2E5C64D10024A55C /* Info.plist */,
			);
			path = sequrity;
			sourceTree = "<group>";
		};
		8EC786EA2E5C64F30024A55C /* privacy */ = {
			isa = PBXGroup;
			children = (
				8ED1F97A2E5CD248000900F9 /* privacy.entitlements */,
				8EC786EB2E5C64F30024A55C /* blockerList.json */,
				8EC786ED2E5C64F30024A55C /* ContentBlockerRequestHandler.swift */,
				8EC786EF2E5C64F30024A55C /* Info.plist */,
			);
			path = privacy;
			sourceTree = "<group>";
		};
		8ECF27FE2E59BAFE000A5748 = {
			isa = PBXGroup;
			children = (
				8ECF28092E59BAFE000A5748 /* SufrShield */,
				8EBA83FB2E5BB15600206493 /* adblocker */,
				8EC786D92E5C64D10024A55C /* sequrity */,
				8EC786EA2E5C64F30024A55C /* privacy */,
				8ECF28082E59BAFE000A5748 /* Products */,
				8EC786B02E5C58C60024A55C /* Frameworks */,
			);
			sourceTree = "<group>";
		};
		8ECF28082E59BAFE000A5748 /* Products */ = {
			isa = PBXGroup;
			children = (
				8ECF28072E59BAFE000A5748 /* SufrShield.app */,
				8EBA83FA2E5BB15600206493 /* adblocker.appex */,
				8EC786D82E5C64D10024A55C /* sequrity.appex */,
				8EC786E92E5C64F30024A55C /* privacy.appex */,
			);
			name = Products;
			sourceTree = "<group>";
		};
		8ECF28092E59BAFE000A5748 /* SufrShield */ = {
			isa = PBXGroup;
			children = (
				8E9F1AEF2E5C8C8B0093C76B /* SufrShield.entitlements */,
				8EA670292E5DB3F400B4F62F /* domains.txt */,
				8EBA84092E5BBD0800206493 /* test_rules.json */,
				8E352C582E5B836B00384E52 /* DiagnosticTool.swift */,
				8E9F1AF62E5CBBBE0093C76B /* Shared */,
				8ECF28182E59BC33000A5748 /* App */,
				8ECF28282E59BDCB000A5748 /* Screens */,
				8ECF280E2E59BB03000A5748 /* Assets.xcassets */,
				8ECF28212E59BC80000A5748 /* Theme */,
				8ECF28102E59BB03000A5748 /* Preview Content */,
				8E9F1AF12E5C94C30093C76B /* Constants.swift */,
			);
			path = SufrShield;
			sourceTree = "<group>";
		};
		8ECF28102E59BB03000A5748 /* Preview Content */ = {
			isa = PBXGroup;
			children = (
				8ECF28112E59BB03000A5748 /* Preview Assets.xcassets */,
			);
			path = "Preview Content";
			sourceTree = "<group>";
		};
		8ECF28182E59BC33000A5748 /* App */ = {
			isa = PBXGroup;
			children = (
				8ECF280A2E59BAFE000A5748 /* SufrShieldApp.swift */,
				8ECF28192E59BC3F000A5748 /* MainView.swift */,
				8ECF281B2E59BC45000A5748 /* TabBarView.swift */,
				8ECF281D2E59BC4E000A5748 /* Coordinator.swift */,
				8ECF281F2E59BC57000A5748 /* Screen.swift */,
			);
			path = App;
			sourceTree = "<group>";
		};
		8ECF28212E59BC80000A5748 /* Theme */ = {
			isa = PBXGroup;
			children = (
				8ECF28242E59BC80000A5748 /* Padding.swift */,
				8ECF28222E59BC80000A5748 /* Colors */,
			);
			path = Theme;
			sourceTree = "<group>";
		};
		8ECF28222E59BC80000A5748 /* Colors */ = {
			isa = PBXGroup;
			children = (
				8ECF28232E59BC80000A5748 /* Colors.xcassets */,
				8ECF28252E59BC80000A5748 /* Colors.swift */,
			);
			path = Colors;
			sourceTree = "<group>";
		};
		8ECF28282E59BDCB000A5748 /* Screens */ = {
			isa = PBXGroup;
			children = (
				8ECF280C2E59BAFE000A5748 /* BlockAdsView.swift */,
			);
			path = Screens;
			sourceTree = "<group>";
		};
/* End PBXGroup section */

/* Begin PBXNativeTarget section */
		8EBA83F92E5BB15600206493 /* adblocker */ = {
			isa = PBXNativeTarget;
			buildConfigurationList = 8EBA84042E5BB15600206493 /* Build configuration list for PBXNativeTarget "adblocker" */;
			buildPhases = (
				8EBA83F62E5BB15600206493 /* Sources */,
				8EBA83F72E5BB15600206493 /* Frameworks */,
				8EBA83F82E5BB15600206493 /* Resources */,
			);
			buildRules = (
			);
			dependencies = (
			);
			name = adblocker;
			packageProductDependencies = (
			);
			productName = adblocker;
			productReference = 8EBA83FA2E5BB15600206493 /* adblocker.appex */;
			productType = "com.apple.product-type.app-extension";
		};
		8EC786D72E5C64D10024A55C /* sequrity */ = {
			isa = PBXNativeTarget;
			buildConfigurationList = 8EC786E22E5C64D10024A55C /* Build configuration list for PBXNativeTarget "sequrity" */;
			buildPhases = (
				8EC786D42E5C64D10024A55C /* Sources */,
				8EC786D52E5C64D10024A55C /* Frameworks */,
				8EC786D62E5C64D10024A55C /* Resources */,
			);
			buildRules = (
			);
			dependencies = (
			);
			name = sequrity;
			productName = sequrity;
			productReference = 8EC786D82E5C64D10024A55C /* sequrity.appex */;
			productType = "com.apple.product-type.app-extension";
		};
		8EC786E82E5C64F30024A55C /* privacy */ = {
			isa = PBXNativeTarget;
			buildConfigurationList = 8EC786F32E5C64F30024A55C /* Build configuration list for PBXNativeTarget "privacy" */;
			buildPhases = (
				8EC786E52E5C64F30024A55C /* Sources */,
				8EC786E62E5C64F30024A55C /* Frameworks */,
				8EC786E72E5C64F30024A55C /* Resources */,
			);
			buildRules = (
			);
			dependencies = (
			);
			name = privacy;
			productName = privacy;
			productReference = 8EC786E92E5C64F30024A55C /* privacy.appex */;
			productType = "com.apple.product-type.app-extension";
		};
		8ECF28062E59BAFE000A5748 /* SufrShield */ = {
			isa = PBXNativeTarget;
			buildConfigurationList = 8ECF28152E59BB03000A5748 /* Build configuration list for PBXNativeTarget "SufrShield" */;
			buildPhases = (
				8ECF28032E59BAFE000A5748 /* Sources */,
				8ECF28042E59BAFE000A5748 /* Frameworks */,
				8ECF28052E59BAFE000A5748 /* Resources */,
				8E4B5F6A2E5B0C140086655B /* Embed Foundation Extensions */,
			);
			buildRules = (
			);
			dependencies = (
				8EBA84022E5BB15600206493 /* PBXTargetDependency */,
				8EC786E02E5C64D10024A55C /* PBXTargetDependency */,
				8EC786F12E5C64F30024A55C /* PBXTargetDependency */,
			);
			name = SufrShield;
			packageProductDependencies = (
			);
			productName = SufrShield;
			productReference = 8ECF28072E59BAFE000A5748 /* SufrShield.app */;
			productType = "com.apple.product-type.application";
		};
/* End PBXNativeTarget section */

/* Begin PBXProject section */
		8ECF27FF2E59BAFE000A5748 /* Project object */ = {
			isa = PBXProject;
			attributes = {
				BuildIndependentTargetsInParallel = 1;
				LastSwiftUpdateCheck = 1520;
				LastUpgradeCheck = 1520;
				TargetAttributes = {
					8EBA83F92E5BB15600206493 = {
						CreatedOnToolsVersion = 15.2;
					};
					8EC786D72E5C64D10024A55C = {
						CreatedOnToolsVersion = 15.2;
					};
					8EC786E82E5C64F30024A55C = {
						CreatedOnToolsVersion = 15.2;
					};
					8ECF28062E59BAFE000A5748 = {
						CreatedOnToolsVersion = 15.2;
					};
				};
			};
			buildConfigurationList = 8ECF28022E59BAFE000A5748 /* Build configuration list for PBXProject "SufrShield" */;
			compatibilityVersion = "Xcode 14.0";
			developmentRegion = en;
			hasScannedForEncodings = 0;
			knownRegions = (
				en,
				Base,
			);
			mainGroup = 8ECF27FE2E59BAFE000A5748;
			packageReferences = (
			);
			productRefGroup = 8ECF28082E59BAFE000A5748 /* Products */;
			projectDirPath = "";
			projectRoot = "";
			targets = (
				8ECF28062E59BAFE000A5748 /* SufrShield */,
				8EBA83F92E5BB15600206493 /* adblocker */,
				8EC786D72E5C64D10024A55C /* sequrity */,
				8EC786E82E5C64F30024A55C /* privacy */,
			);
		};
/* End PBXProject section */

/* Begin PBXResourcesBuildPhase section */
		8EBA83F82E5BB15600206493 /* Resources */ = {
			isa = PBXResourcesBuildPhase;
			buildActionMask = 2147483647;
			files = (
				8EBA83FD2E5BB15600206493 /* blockerList.json in Resources */,
			);
			runOnlyForDeploymentPostprocessing = 0;
		};
		8EC786D62E5C64D10024A55C /* Resources */ = {
			isa = PBXResourcesBuildPhase;
			buildActionMask = 2147483647;
			files = (
				8EC786DB2E5C64D10024A55C /* blockerList.json in Resources */,
			);
			runOnlyForDeploymentPostprocessing = 0;
		};
		8EC786E72E5C64F30024A55C /* Resources */ = {
			isa = PBXResourcesBuildPhase;
			buildActionMask = 2147483647;
			files = (
				8EC786EC2E5C64F30024A55C /* blockerList.json in Resources */,
			);
			runOnlyForDeploymentPostprocessing = 0;
		};
		8ECF28052E59BAFE000A5748 /* Resources */ = {
			isa = PBXResourcesBuildPhase;
			buildActionMask = 2147483647;
			files = (
				8EA6702A2E5DB3F400B4F62F /* domains.txt in Resources */,
				8ECF28292E59BF64000A5748 /* Colors.xcassets in Resources */,
				8ECF28122E59BB03000A5748 /* Preview Assets.xcassets in Resources */,
				8EBA840A2E5BBD0800206493 /* test_rules.json in Resources */,
				8E9B72792E5B32D500070683 /* Assets.xcassets in Resources */,
			);
			runOnlyForDeploymentPostprocessing = 0;
		};
/* End PBXResourcesBuildPhase section */

/* Begin PBXSourcesBuildPhase section */
		8EBA83F62E5BB15600206493 /* Sources */ = {
			isa = PBXSourcesBuildPhase;
			buildActionMask = 2147483647;
			files = (
				8EC786AB2E5C52FF0024A55C /* RulesConverter.swift in Sources */,
				8EBA83FF2E5BB15600206493 /* ContentBlockerRequestHandler.swift in Sources */,
				8E9F1AF32E5C94EC0093C76B /* Constants.swift in Sources */,
			);
			runOnlyForDeploymentPostprocessing = 0;
		};
		8EC786D42E5C64D10024A55C /* Sources */ = {
			isa = PBXSourcesBuildPhase;
			buildActionMask = 2147483647;
			files = (
				8ED1F9792E5CD213000900F9 /* ContentBlockerRequestHandler.swift in Sources */,
				8E9F1AF92E5CD12B0093C76B /* RulesConverter.swift in Sources */,
				8E9F1AF42E5C94EE0093C76B /* Constants.swift in Sources */,
			);
			runOnlyForDeploymentPostprocessing = 0;
		};
		8EC786E52E5C64F30024A55C /* Sources */ = {
			isa = PBXSourcesBuildPhase;
			buildActionMask = 2147483647;
			files = (
				8E9F1AF82E5CD12B0093C76B /* RulesConverter.swift in Sources */,
				8EC786EE2E5C64F30024A55C /* ContentBlockerRequestHandler.swift in Sources */,
				8E9F1AF52E5C94EE0093C76B /* Constants.swift in Sources */,
			);
			runOnlyForDeploymentPostprocessing = 0;
		};
		8ECF28032E59BAFE000A5748 /* Sources */ = {
			isa = PBXSourcesBuildPhase;
			buildActionMask = 2147483647;
			files = (
				8ECF280D2E59BAFE000A5748 /* BlockAdsView.swift in Sources */,
				8ECF281A2E59BC3F000A5748 /* MainView.swift in Sources */,
				8E352C592E5B836B00384E52 /* DiagnosticTool.swift in Sources */,
				8EBA84082E5BBA0900206493 /* RulesConverter.swift in Sources */,
				8ECF281E2E59BC4E000A5748 /* Coordinator.swift in Sources */,
				8ECF28262E59BCD4000A5748 /* Colors.swift in Sources */,
				8ECF281C2E59BC45000A5748 /* TabBarView.swift in Sources */,
				8E9F1AF22E5C94C30093C76B /* Constants.swift in Sources */,
				8ECF280B2E59BAFE000A5748 /* SufrShieldApp.swift in Sources */,
				8ECF28202E59BC57000A5748 /* Screen.swift in Sources */,
				8ECF28272E59BCD6000A5748 /* Padding.swift in Sources */,
			);
			runOnlyForDeploymentPostprocessing = 0;
		};
/* End PBXSourcesBuildPhase section */

/* Begin PBXTargetDependency section */
		8EBA84022E5BB15600206493 /* PBXTargetDependency */ = {
			isa = PBXTargetDependency;
			target = 8EBA83F92E5BB15600206493 /* adblocker */;
			targetProxy = 8EBA84012E5BB15600206493 /* PBXContainerItemProxy */;
		};
		8EC786E02E5C64D10024A55C /* PBXTargetDependency */ = {
			isa = PBXTargetDependency;
			target = 8EC786D72E5C64D10024A55C /* sequrity */;
			targetProxy = 8EC786DF2E5C64D10024A55C /* PBXContainerItemProxy */;
		};
		8EC786F12E5C64F30024A55C /* PBXTargetDependency */ = {
			isa = PBXTargetDependency;
			target = 8EC786E82E5C64F30024A55C /* privacy */;
			targetProxy = 8EC786F02E5C64F30024A55C /* PBXContainerItemProxy */;
		};
/* End PBXTargetDependency section */

/* Begin XCBuildConfiguration section */
		8EBA84052E5BB15600206493 /* Debug */ = {
			isa = XCBuildConfiguration;
			buildSettings = {
				ARCHS = "$(ARCHS_STANDARD_64_BIT)";
				CODE_SIGN_ENTITLEMENTS = adblocker/adblocker.entitlements;
				CODE_SIGN_STYLE = Automatic;
				CURRENT_PROJECT_VERSION = 1;
				DEVELOPMENT_TEAM = 6TVC5Q5R78;
				GENERATE_INFOPLIST_FILE = YES;
				INFOPLIST_FILE = adblocker/Info.plist;
				INFOPLIST_KEY_CFBundleDisplayName = adblocker;
				INFOPLIST_KEY_NSHumanReadableCopyright = "";
				IPHONEOS_DEPLOYMENT_TARGET = 17.2;
				LD_RUNPATH_SEARCH_PATHS = (
					"$(inherited)",
					"@executable_path/Frameworks",
					"@executable_path/../../Frameworks",
				);
				MARKETING_VERSION = 1.0;
				PRODUCT_BUNDLE_IDENTIFIER = com.surfshield.app.adblocker;
				PRODUCT_NAME = "$(TARGET_NAME)";
				SKIP_INSTALL = YES;
				SWIFT_EMIT_LOC_STRINGS = YES;
				SWIFT_VERSION = 5.0;
				TARGETED_DEVICE_FAMILY = "1,2";
			};
			name = Debug;
		};
		8EBA84062E5BB15600206493 /* Release */ = {
			isa = XCBuildConfiguration;
			buildSettings = {
				ARCHS = "$(ARCHS_STANDARD_64_BIT)";
				CODE_SIGN_ENTITLEMENTS = adblocker/adblocker.entitlements;
				CODE_SIGN_STYLE = Automatic;
				CURRENT_PROJECT_VERSION = 1;
				DEVELOPMENT_TEAM = 6TVC5Q5R78;
				GENERATE_INFOPLIST_FILE = YES;
				INFOPLIST_FILE = adblocker/Info.plist;
				INFOPLIST_KEY_CFBundleDisplayName = adblocker;
				INFOPLIST_KEY_NSHumanReadableCopyright = "";
				IPHONEOS_DEPLOYMENT_TARGET = 17.2;
				LD_RUNPATH_SEARCH_PATHS = (
					"$(inherited)",
					"@executable_path/Frameworks",
					"@executable_path/../../Frameworks",
				);
				MARKETING_VERSION = 1.0;
				PRODUCT_BUNDLE_IDENTIFIER = com.surfshield.app.adblocker;
				PRODUCT_NAME = "$(TARGET_NAME)";
				SKIP_INSTALL = YES;
				SWIFT_EMIT_LOC_STRINGS = YES;
				SWIFT_VERSION = 5.0;
				TARGETED_DEVICE_FAMILY = "1,2";
			};
			name = Release;
		};
		8EC786E32E5C64D10024A55C /* Debug */ = {
			isa = XCBuildConfiguration;
			buildSettings = {
				ARCHS = "$(ARCHS_STANDARD_64_BIT)";
				CODE_SIGN_ENTITLEMENTS = sequrity/sequrity.entitlements;
				CODE_SIGN_STYLE = Automatic;
				CURRENT_PROJECT_VERSION = 1;
				DEVELOPMENT_TEAM = 6TVC5Q5R78;
				GENERATE_INFOPLIST_FILE = YES;
				INFOPLIST_FILE = sequrity/Info.plist;
				INFOPLIST_KEY_CFBundleDisplayName = sequrity;
				INFOPLIST_KEY_NSHumanReadableCopyright = "";
				IPHONEOS_DEPLOYMENT_TARGET = 17.2;
				LD_RUNPATH_SEARCH_PATHS = (
					"$(inherited)",
					"@executable_path/Frameworks",
					"@executable_path/../../Frameworks",
				);
				MARKETING_VERSION = 1.0;
				PRODUCT_BUNDLE_IDENTIFIER = com.surfshield.app.sequrity;
				PRODUCT_NAME = "$(TARGET_NAME)";
				SKIP_INSTALL = YES;
				SWIFT_EMIT_LOC_STRINGS = YES;
				SWIFT_VERSION = 5.0;
				TARGETED_DEVICE_FAMILY = "1,2";
			};
			name = Debug;
		};
		8EC786E42E5C64D10024A55C /* Release */ = {
			isa = XCBuildConfiguration;
			buildSettings = {
				ARCHS = "$(ARCHS_STANDARD_64_BIT)";
				CODE_SIGN_ENTITLEMENTS = sequrity/sequrity.entitlements;
				CODE_SIGN_STYLE = Automatic;
				CURRENT_PROJECT_VERSION = 1;
				DEVELOPMENT_TEAM = 6TVC5Q5R78;
				GENERATE_INFOPLIST_FILE = YES;
				INFOPLIST_FILE = sequrity/Info.plist;
				INFOPLIST_KEY_CFBundleDisplayName = sequrity;
				INFOPLIST_KEY_NSHumanReadableCopyright = "";
				IPHONEOS_DEPLOYMENT_TARGET = 17.2;
				LD_RUNPATH_SEARCH_PATHS = (
					"$(inherited)",
					"@executable_path/Frameworks",
					"@executable_path/../../Frameworks",
				);
				MARKETING_VERSION = 1.0;
				PRODUCT_BUNDLE_IDENTIFIER = com.surfshield.app.sequrity;
				PRODUCT_NAME = "$(TARGET_NAME)";
				SKIP_INSTALL = YES;
				SWIFT_EMIT_LOC_STRINGS = YES;
				SWIFT_VERSION = 5.0;
				TARGETED_DEVICE_FAMILY = "1,2";
			};
			name = Release;
		};
		8EC786F42E5C64F30024A55C /* Debug */ = {
			isa = XCBuildConfiguration;
			buildSettings = {
				ARCHS = "$(ARCHS_STANDARD_64_BIT)";
				CODE_SIGN_ENTITLEMENTS = privacy/privacy.entitlements;
				CODE_SIGN_STYLE = Automatic;
				CURRENT_PROJECT_VERSION = 1;
				DEVELOPMENT_TEAM = 6TVC5Q5R78;
				GENERATE_INFOPLIST_FILE = YES;
				INFOPLIST_FILE = privacy/Info.plist;
				INFOPLIST_KEY_CFBundleDisplayName = privacy;
				INFOPLIST_KEY_NSHumanReadableCopyright = "";
				IPHONEOS_DEPLOYMENT_TARGET = 17.2;
				LD_RUNPATH_SEARCH_PATHS = (
					"$(inherited)",
					"@executable_path/Frameworks",
					"@executable_path/../../Frameworks",
				);
				MARKETING_VERSION = 1.0;
				PRODUCT_BUNDLE_IDENTIFIER = com.surfshield.app.privacy;
				PRODUCT_NAME = "$(TARGET_NAME)";
				SKIP_INSTALL = YES;
				SWIFT_EMIT_LOC_STRINGS = YES;
				SWIFT_VERSION = 5.0;
				TARGETED_DEVICE_FAMILY = "1,2";
			};
			name = Debug;
		};
		8EC786F52E5C64F30024A55C /* Release */ = {
			isa = XCBuildConfiguration;
			buildSettings = {
				ARCHS = "$(ARCHS_STANDARD_64_BIT)";
				CODE_SIGN_ENTITLEMENTS = privacy/privacy.entitlements;
				CODE_SIGN_STYLE = Automatic;
				CURRENT_PROJECT_VERSION = 1;
				DEVELOPMENT_TEAM = 6TVC5Q5R78;
				GENERATE_INFOPLIST_FILE = YES;
				INFOPLIST_FILE = privacy/Info.plist;
				INFOPLIST_KEY_CFBundleDisplayName = privacy;
				INFOPLIST_KEY_NSHumanReadableCopyright = "";
				IPHONEOS_DEPLOYMENT_TARGET = 17.2;
				LD_RUNPATH_SEARCH_PATHS = (
					"$(inherited)",
					"@executable_path/Frameworks",
					"@executable_path/../../Frameworks",
				);
				MARKETING_VERSION = 1.0;
				PRODUCT_BUNDLE_IDENTIFIER = com.surfshield.app.privacy;
				PRODUCT_NAME = "$(TARGET_NAME)";
				SKIP_INSTALL = YES;
				SWIFT_EMIT_LOC_STRINGS = YES;
				SWIFT_VERSION = 5.0;
				TARGETED_DEVICE_FAMILY = "1,2";
			};
			name = Release;
		};
		8ECF28132E59BB03000A5748 /* Debug */ = {
			isa = XCBuildConfiguration;
			buildSettings = {
				ALWAYS_SEARCH_USER_PATHS = NO;
				ASSETCATALOG_COMPILER_GENERATE_SWIFT_ASSET_SYMBOL_EXTENSIONS = YES;
				CLANG_ANALYZER_NONNULL = YES;
				CLANG_ANALYZER_NUMBER_OBJECT_CONVERSION = YES_AGGRESSIVE;
				CLANG_CXX_LANGUAGE_STANDARD = "gnu++20";
				CLANG_ENABLE_MODULES = YES;
				CLANG_ENABLE_OBJC_ARC = YES;
				CLANG_ENABLE_OBJC_WEAK = YES;
				CLANG_WARN_BLOCK_CAPTURE_AUTORELEASING = YES;
				CLANG_WARN_BOOL_CONVERSION = YES;
				CLANG_WARN_COMMA = YES;
				CLANG_WARN_CONSTANT_CONVERSION = YES;
				CLANG_WARN_DEPRECATED_OBJC_IMPLEMENTATIONS = YES;
				CLANG_WARN_DIRECT_OBJC_ISA_USAGE = YES_ERROR;
				CLANG_WARN_DOCUMENTATION_COMMENTS = YES;
				CLANG_WARN_EMPTY_BODY = YES;
				CLANG_WARN_ENUM_CONVERSION = YES;
				CLANG_WARN_INFINITE_RECURSION = YES;
				CLANG_WARN_INT_CONVERSION = YES;
				CLANG_WARN_NON_LITERAL_NULL_CONVERSION = YES;
				CLANG_WARN_OBJC_IMPLICIT_RETAIN_SELF = YES;
				CLANG_WARN_OBJC_LITERAL_CONVERSION = YES;
				CLANG_WARN_OBJC_ROOT_CLASS = YES_ERROR;
				CLANG_WARN_QUOTED_INCLUDE_IN_FRAMEWORK_HEADER = YES;
				CLANG_WARN_RANGE_LOOP_ANALYSIS = YES;
				CLANG_WARN_STRICT_PROTOTYPES = YES;
				CLANG_WARN_SUSPICIOUS_MOVE = YES;
				CLANG_WARN_UNGUARDED_AVAILABILITY = YES_AGGRESSIVE;
				CLANG_WARN_UNREACHABLE_CODE = YES;
				CLANG_WARN__DUPLICATE_METHOD_MATCH = YES;
				COPY_PHASE_STRIP = NO;
				DEBUG_INFORMATION_FORMAT = dwarf;
				ENABLE_STRICT_OBJC_MSGSEND = YES;
				ENABLE_TESTABILITY = YES;
				ENABLE_USER_SCRIPT_SANDBOXING = YES;
				GCC_C_LANGUAGE_STANDARD = gnu17;
				GCC_DYNAMIC_NO_PIC = NO;
				GCC_NO_COMMON_BLOCKS = YES;
				GCC_OPTIMIZATION_LEVEL = 0;
				GCC_PREPROCESSOR_DEFINITIONS = (
					"DEBUG=1",
					"$(inherited)",
				);
				GCC_WARN_64_TO_32_BIT_CONVERSION = YES;
				GCC_WARN_ABOUT_RETURN_TYPE = YES_ERROR;
				GCC_WARN_UNDECLARED_SELECTOR = YES;
				GCC_WARN_UNINITIALIZED_AUTOS = YES_AGGRESSIVE;
				GCC_WARN_UNUSED_FUNCTION = YES;
				GCC_WARN_UNUSED_VARIABLE = YES;
				IPHONEOS_DEPLOYMENT_TARGET = 16.0;
				LOCALIZATION_PREFERS_STRING_CATALOGS = YES;
				MTL_ENABLE_DEBUG_INFO = INCLUDE_SOURCE;
				MTL_FAST_MATH = YES;
				ONLY_ACTIVE_ARCH = YES;
				SDKROOT = iphoneos;
				SWIFT_ACTIVE_COMPILATION_CONDITIONS = "DEBUG $(inherited)";
				SWIFT_OPTIMIZATION_LEVEL = "-Onone";
			};
			name = Debug;
		};
		8ECF28142E59BB03000A5748 /* Release */ = {
			isa = XCBuildConfiguration;
			buildSettings = {
				ALWAYS_SEARCH_USER_PATHS = NO;
				ASSETCATALOG_COMPILER_GENERATE_SWIFT_ASSET_SYMBOL_EXTENSIONS = YES;
				CLANG_ANALYZER_NONNULL = YES;
				CLANG_ANALYZER_NUMBER_OBJECT_CONVERSION = YES_AGGRESSIVE;
				CLANG_CXX_LANGUAGE_STANDARD = "gnu++20";
				CLANG_ENABLE_MODULES = YES;
				CLANG_ENABLE_OBJC_ARC = YES;
				CLANG_ENABLE_OBJC_WEAK = YES;
				CLANG_WARN_BLOCK_CAPTURE_AUTORELEASING = YES;
				CLANG_WARN_BOOL_CONVERSION = YES;
				CLANG_WARN_COMMA = YES;
				CLANG_WARN_CONSTANT_CONVERSION = YES;
				CLANG_WARN_DEPRECATED_OBJC_IMPLEMENTATIONS = YES;
				CLANG_WARN_DIRECT_OBJC_ISA_USAGE = YES_ERROR;
				CLANG_WARN_DOCUMENTATION_COMMENTS = YES;
				CLANG_WARN_EMPTY_BODY = YES;
				CLANG_WARN_ENUM_CONVERSION = YES;
				CLANG_WARN_INFINITE_RECURSION = YES;
				CLANG_WARN_INT_CONVERSION = YES;
				CLANG_WARN_NON_LITERAL_NULL_CONVERSION = YES;
				CLANG_WARN_OBJC_IMPLICIT_RETAIN_SELF = YES;
				CLANG_WARN_OBJC_LITERAL_CONVERSION = YES;
				CLANG_WARN_OBJC_ROOT_CLASS = YES_ERROR;
				CLANG_WARN_QUOTED_INCLUDE_IN_FRAMEWORK_HEADER = YES;
				CLANG_WARN_RANGE_LOOP_ANALYSIS = YES;
				CLANG_WARN_STRICT_PROTOTYPES = YES;
				CLANG_WARN_SUSPICIOUS_MOVE = YES;
				CLANG_WARN_UNGUARDED_AVAILABILITY = YES_AGGRESSIVE;
				CLANG_WARN_UNREACHABLE_CODE = YES;
				CLANG_WARN__DUPLICATE_METHOD_MATCH = YES;
				COPY_PHASE_STRIP = NO;
				DEBUG_INFORMATION_FORMAT = "dwarf-with-dsym";
				ENABLE_NS_ASSERTIONS = NO;
				ENABLE_STRICT_OBJC_MSGSEND = YES;
				ENABLE_USER_SCRIPT_SANDBOXING = YES;
				GCC_C_LANGUAGE_STANDARD = gnu17;
				GCC_NO_COMMON_BLOCKS = YES;
				GCC_WARN_64_TO_32_BIT_CONVERSION = YES;
				GCC_WARN_ABOUT_RETURN_TYPE = YES_ERROR;
				GCC_WARN_UNDECLARED_SELECTOR = YES;
				GCC_WARN_UNINITIALIZED_AUTOS = YES_AGGRESSIVE;
				GCC_WARN_UNUSED_FUNCTION = YES;
				GCC_WARN_UNUSED_VARIABLE = YES;
				IPHONEOS_DEPLOYMENT_TARGET = 16.0;
				LOCALIZATION_PREFERS_STRING_CATALOGS = YES;
				MTL_ENABLE_DEBUG_INFO = NO;
				MTL_FAST_MATH = YES;
				SDKROOT = iphoneos;
				SWIFT_COMPILATION_MODE = wholemodule;
				VALIDATE_PRODUCT = YES;
			};
			name = Release;
		};
		8ECF28162E59BB03000A5748 /* Debug */ = {
			isa = XCBuildConfiguration;
			buildSettings = {
				ALWAYS_EMBED_SWIFT_STANDARD_LIBRARIES = YES;
				ASSETCATALOG_COMPILER_APPICON_NAME = AppIcon;
				ASSETCATALOG_COMPILER_GLOBAL_ACCENT_COLOR_NAME = AccentColor;
				CODE_SIGN_ENTITLEMENTS = SufrShield/SufrShield.entitlements;
				CODE_SIGN_STYLE = Automatic;
				CURRENT_PROJECT_VERSION = 1;
				DEVELOPMENT_ASSET_PATHS = "\"SufrShield/Preview Content\"";
				DEVELOPMENT_TEAM = 6TVC5Q5R78;
				ENABLE_PREVIEWS = YES;
				GENERATE_INFOPLIST_FILE = YES;
				INFOPLIST_KEY_UIApplicationSceneManifest_Generation = YES;
				INFOPLIST_KEY_UIApplicationSupportsIndirectInputEvents = YES;
				INFOPLIST_KEY_UILaunchScreen_Generation = YES;
				INFOPLIST_KEY_UISupportedInterfaceOrientations_iPad = "UIInterfaceOrientationPortrait UIInterfaceOrientationPortraitUpsideDown UIInterfaceOrientationLandscapeLeft UIInterfaceOrientationLandscapeRight";
				INFOPLIST_KEY_UISupportedInterfaceOrientations_iPhone = "UIInterfaceOrientationPortrait UIInterfaceOrientationLandscapeLeft UIInterfaceOrientationLandscapeRight";
				IPHONEOS_DEPLOYMENT_TARGET = 16.0;
				LD_RUNPATH_SEARCH_PATHS = (
					"$(inherited)",
					"@executable_path/Frameworks",
				);
				MARKETING_VERSION = 1.0;
				PRODUCT_BUNDLE_IDENTIFIER = com.surfshield.app;
				PRODUCT_NAME = "$(TARGET_NAME)";
				SWIFT_EMIT_LOC_STRINGS = YES;
				SWIFT_VERSION = 5.0;
				TARGETED_DEVICE_FAMILY = "1,2";
			};
			name = Debug;
		};
		8ECF28172E59BB03000A5748 /* Release */ = {
			isa = XCBuildConfiguration;
			buildSettings = {
				ALWAYS_EMBED_SWIFT_STANDARD_LIBRARIES = YES;
				ASSETCATALOG_COMPILER_APPICON_NAME = AppIcon;
				ASSETCATALOG_COMPILER_GLOBAL_ACCENT_COLOR_NAME = AccentColor;
				CODE_SIGN_ENTITLEMENTS = SufrShield/SufrShield.entitlements;
				CODE_SIGN_STYLE = Automatic;
				CURRENT_PROJECT_VERSION = 1;
				DEVELOPMENT_ASSET_PATHS = "\"SufrShield/Preview Content\"";
				DEVELOPMENT_TEAM = 6TVC5Q5R78;
				ENABLE_PREVIEWS = YES;
				GENERATE_INFOPLIST_FILE = YES;
				INFOPLIST_KEY_UIApplicationSceneManifest_Generation = YES;
				INFOPLIST_KEY_UIApplicationSupportsIndirectInputEvents = YES;
				INFOPLIST_KEY_UILaunchScreen_Generation = YES;
				INFOPLIST_KEY_UISupportedInterfaceOrientations_iPad = "UIInterfaceOrientationPortrait UIInterfaceOrientationPortraitUpsideDown UIInterfaceOrientationLandscapeLeft UIInterfaceOrientationLandscapeRight";
				INFOPLIST_KEY_UISupportedInterfaceOrientations_iPhone = "UIInterfaceOrientationPortrait UIInterfaceOrientationLandscapeLeft UIInterfaceOrientationLandscapeRight";
				IPHONEOS_DEPLOYMENT_TARGET = 16.0;
				LD_RUNPATH_SEARCH_PATHS = (
					"$(inherited)",
					"@executable_path/Frameworks",
				);
				MARKETING_VERSION = 1.0;
				PRODUCT_BUNDLE_IDENTIFIER = com.surfshield.app;
				PRODUCT_NAME = "$(TARGET_NAME)";
				SWIFT_EMIT_LOC_STRINGS = YES;
				SWIFT_VERSION = 5.0;
				TARGETED_DEVICE_FAMILY = "1,2";
			};
			name = Release;
		};
/* End XCBuildConfiguration section */

/* Begin XCConfigurationList section */
		8EBA84042E5BB15600206493 /* Build configuration list for PBXNativeTarget "adblocker" */ = {
			isa = XCConfigurationList;
			buildConfigurations = (
				8EBA84052E5BB15600206493 /* Debug */,
				8EBA84062E5BB15600206493 /* Release */,
			);
			defaultConfigurationIsVisible = 0;
			defaultConfigurationName = Release;
		};
		8EC786E22E5C64D10024A55C /* Build configuration list for PBXNativeTarget "sequrity" */ = {
			isa = XCConfigurationList;
			buildConfigurations = (
				8EC786E32E5C64D10024A55C /* Debug */,
				8EC786E42E5C64D10024A55C /* Release */,
			);
			defaultConfigurationIsVisible = 0;
			defaultConfigurationName = Release;
		};
		8EC786F32E5C64F30024A55C /* Build configuration list for PBXNativeTarget "privacy" */ = {
			isa = XCConfigurationList;
			buildConfigurations = (
				8EC786F42E5C64F30024A55C /* Debug */,
				8EC786F52E5C64F30024A55C /* Release */,
			);
			defaultConfigurationIsVisible = 0;
			defaultConfigurationName = Release;
		};
		8ECF28022E59BAFE000A5748 /* Build configuration list for PBXProject "SufrShield" */ = {
			isa = XCConfigurationList;
			buildConfigurations = (
				8ECF28132E59BB03000A5748 /* Debug */,
				8ECF28142E59BB03000A5748 /* Release */,
			);
			defaultConfigurationIsVisible = 0;
			defaultConfigurationName = Release;
		};
		8ECF28152E59BB03000A5748 /* Build configuration list for PBXNativeTarget "SufrShield" */ = {
			isa = XCConfigurationList;
			buildConfigurations = (
				8ECF28162E59BB03000A5748 /* Debug */,
				8ECF28172E59BB03000A5748 /* Release */,
			);
			defaultConfigurationIsVisible = 0;
			defaultConfigurationName = Release;
		};
/* End XCConfigurationList section */
	};
	rootObject = 8ECF27FF2E59BAFE000A5748 /* Project object */;
}
