// !$*UTF8*$!
{
	archiveVersion = 1;
	classes = {
	};
	objectVersion = 56;
	objects = {

/* Begin PBXBuildFile section */
		8E4B5F632E5B0C140086655B /* blockerList.json in Resources */ = {isa = PBXBuildFile; fileRef = 8E4B5F622E5B0C140086655B /* blockerList.json */; };
		8E4B5F652E5B0C140086655B /* ContentBlockerRequestHandler.swift in Sources */ = {isa = PBXBuildFile; fileRef = 8E4B5F642E5B0C140086655B /* ContentBlockerRequestHandler.swift */; };
		8E4B5F692E5B0C140086655B /* adblocker.appex in Embed Foundation Extensions */ = {isa = PBXBuildFile; fileRef = 8E4B5F602E5B0C140086655B /* adblocker.appex */; settings = {ATTRIBUTES = (RemoveHeadersOnCopy, ); }; };
		8E9B72792E5B32D500070683 /* Assets.xcassets in Resources */ = {isa = PBXBuildFile; fileRef = 8ECF280E2E59BB03000A5748 /* Assets.xcassets */; };
		8ECF280B2E59BAFE000A5748 /* SufrShieldApp.swift in Sources */ = {isa = PBXBuildFile; fileRef = 8ECF280A2E59BAFE000A5748 /* SufrShieldApp.swift */; };
		8ECF280D2E59BAFE000A5748 /* BlockAdsView.swift in Sources */ = {isa = PBXBuildFile; fileRef = 8ECF280C2E59BAFE000A5748 /* BlockAdsView.swift */; };
		8ECF28122E59BB03000A5748 /* Preview Assets.xcassets in Resources */ = {isa = PBXBuildFile; fileRef = 8ECF28112E59BB03000A5748 /* Preview Assets.xcassets */; };
		8ECF281A2E59BC3F000A5748 /* MainView.swift in Sources */ = {isa = PBXBuildFile; fileRef = 8ECF28192E59BC3F000A5748 /* MainView.swift */; };
		8ECF281C2E59BC45000A5748 /* TabBarView.swift in Sources */ = {isa = PBXBuildFile; fileRef = 8ECF281B2E59BC45000A5748 /* TabBarView.swift */; };
		8ECF281E2E59BC4E000A5748 /* Coordinator.swift in Sources */ = {isa = PBXBuildFile; fileRef = 8ECF281D2E59BC4E000A5748 /* Coordinator.swift */; };
		8ECF28202E59BC57000A5748 /* Screen.swift in Sources */ = {isa = PBXBuildFile; fileRef = 8ECF281F2E59BC57000A5748 /* Screen.swift */; };
		8ECF28262E59BCD4000A5748 /* Colors.swift in Sources */ = {isa = PBXBuildFile; fileRef = 8ECF28252E59BC80000A5748 /* Colors.swift */; };
		8ECF28272E59BCD6000A5748 /* Padding.swift in Sources */ = {isa = PBXBuildFile; fileRef = 8ECF28242E59BC80000A5748 /* Padding.swift */; };
		8ECF28292E59BF64000A5748 /* Colors.xcassets in Resources */ = {isa = PBXBuildFile; fileRef = 8ECF28232E59BC80000A5748 /* Colors.xcassets */; };
		8EE43AF32E5B3518004D3174 /* RuleConverter.swift in Sources */ = {isa = PBXBuildFile; fileRef = 8EE43AF22E5B3518004D3174 /* RuleConverter.swift */; };
		8EE43AF72E5B3558004D3174 /* ExampleUsage.swift in Sources */ = {isa = PBXBuildFile; fileRef = 8EE43AF62E5B3558004D3174 /* ExampleUsage.swift */; };
		8EE43AF92E5B3572004D3174 /* README_RULES.md in Resources */ = {isa = PBXBuildFile; fileRef = 8EE43AF82E5B3572004D3174 /* README_RULES.md */; };
		8EE43AFB2E5B3596004D3174 /* ConvertRules.swift in Sources */ = {isa = PBXBuildFile; fileRef = 8EE43AFA2E5B3596004D3174 /* ConvertRules.swift */; };
		8EE43AFD2E5B3608004D3174 /* TestExamples.swift in Sources */ = {isa = PBXBuildFile; fileRef = 8EE43AFC2E5B3608004D3174 /* TestExamples.swift */; };
		8EE43AFF2E5B368C004D3174 /* RuleConverterTest.swift in Sources */ = {isa = PBXBuildFile; fileRef = 8EE43AFE2E5B368C004D3174 /* RuleConverterTest.swift */; };
		8EE43B012E5B36DB004D3174 /* adblock_rules.txt in Resources */ = {isa = PBXBuildFile; fileRef = 8EE43B002E5B36DB004D3174 /* adblock_rules.txt */; };
/* End PBXBuildFile section */

/* Begin PBXContainerItemProxy section */
		8E4B5F672E5B0C140086655B /* PBXContainerItemProxy */ = {
			isa = PBXContainerItemProxy;
			containerPortal = 8ECF27FF2E59BAFE000A5748 /* Project object */;
			proxyType = 1;
			remoteGlobalIDString = 8E4B5F5F2E5B0C140086655B;
			remoteInfo = adblocker;
		};
/* End PBXContainerItemProxy section */

/* Begin PBXCopyFilesBuildPhase section */
		8E4B5F6A2E5B0C140086655B /* Embed Foundation Extensions */ = {
			isa = PBXCopyFilesBuildPhase;
			buildActionMask = 2147483647;
			dstPath = "";
			dstSubfolderSpec = 13;
			files = (
				8E4B5F692E5B0C140086655B /* adblocker.appex in Embed Foundation Extensions */,
			);
			name = "Embed Foundation Extensions";
			runOnlyForDeploymentPostprocessing = 0;
		};
/* End PBXCopyFilesBuildPhase section */

/* Begin PBXFileReference section */
		8E4B5F602E5B0C140086655B /* adblocker.appex */ = {isa = PBXFileReference; explicitFileType = "wrapper.app-extension"; includeInIndex = 0; path = adblocker.appex; sourceTree = BUILT_PRODUCTS_DIR; };
		8E4B5F622E5B0C140086655B /* blockerList.json */ = {isa = PBXFileReference; lastKnownFileType = text.json; path = blockerList.json; sourceTree = "<group>"; };
		8E4B5F642E5B0C140086655B /* ContentBlockerRequestHandler.swift */ = {isa = PBXFileReference; lastKnownFileType = sourcecode.swift; path = ContentBlockerRequestHandler.swift; sourceTree = "<group>"; };
		8E4B5F662E5B0C140086655B /* Info.plist */ = {isa = PBXFileReference; lastKnownFileType = text.plist.xml; path = Info.plist; sourceTree = "<group>"; };
		8ECF28072E59BAFE000A5748 /* SufrShield.app */ = {isa = PBXFileReference; explicitFileType = wrapper.application; includeInIndex = 0; path = SufrShield.app; sourceTree = BUILT_PRODUCTS_DIR; };
		8ECF280A2E59BAFE000A5748 /* SufrShieldApp.swift */ = {isa = PBXFileReference; lastKnownFileType = sourcecode.swift; path = SufrShieldApp.swift; sourceTree = "<group>"; };
		8ECF280C2E59BAFE000A5748 /* BlockAdsView.swift */ = {isa = PBXFileReference; lastKnownFileType = sourcecode.swift; path = BlockAdsView.swift; sourceTree = "<group>"; };
		8ECF280E2E59BB03000A5748 /* Assets.xcassets */ = {isa = PBXFileReference; lastKnownFileType = folder.assetcatalog; path = Assets.xcassets; sourceTree = "<group>"; };
		8ECF28112E59BB03000A5748 /* Preview Assets.xcassets */ = {isa = PBXFileReference; lastKnownFileType = folder.assetcatalog; path = "Preview Assets.xcassets"; sourceTree = "<group>"; };
		8ECF28192E59BC3F000A5748 /* MainView.swift */ = {isa = PBXFileReference; lastKnownFileType = sourcecode.swift; path = MainView.swift; sourceTree = "<group>"; };
		8ECF281B2E59BC45000A5748 /* TabBarView.swift */ = {isa = PBXFileReference; lastKnownFileType = sourcecode.swift; path = TabBarView.swift; sourceTree = "<group>"; };
		8ECF281D2E59BC4E000A5748 /* Coordinator.swift */ = {isa = PBXFileReference; lastKnownFileType = sourcecode.swift; path = Coordinator.swift; sourceTree = "<group>"; };
		8ECF281F2E59BC57000A5748 /* Screen.swift */ = {isa = PBXFileReference; lastKnownFileType = sourcecode.swift; path = Screen.swift; sourceTree = "<group>"; };
		8ECF28232E59BC80000A5748 /* Colors.xcassets */ = {isa = PBXFileReference; lastKnownFileType = folder.assetcatalog; path = Colors.xcassets; sourceTree = "<group>"; };
		8ECF28242E59BC80000A5748 /* Padding.swift */ = {isa = PBXFileReference; lastKnownFileType = sourcecode.swift; path = Padding.swift; sourceTree = "<group>"; };
		8ECF28252E59BC80000A5748 /* Colors.swift */ = {isa = PBXFileReference; lastKnownFileType = sourcecode.swift; path = Colors.swift; sourceTree = "<group>"; };
		8EE43AF22E5B3518004D3174 /* RuleConverter.swift */ = {isa = PBXFileReference; fileEncoding = 4; lastKnownFileType = sourcecode.swift; path = RuleConverter.swift; sourceTree = "<group>"; };
		8EE43AF62E5B3558004D3174 /* ExampleUsage.swift */ = {isa = PBXFileReference; fileEncoding = 4; lastKnownFileType = sourcecode.swift; path = ExampleUsage.swift; sourceTree = "<group>"; };
		8EE43AF82E5B3572004D3174 /* README_RULES.md */ = {isa = PBXFileReference; fileEncoding = 4; lastKnownFileType = net.daringfireball.markdown; path = README_RULES.md; sourceTree = "<group>"; };
		8EE43AFA2E5B3596004D3174 /* ConvertRules.swift */ = {isa = PBXFileReference; fileEncoding = 4; lastKnownFileType = sourcecode.swift; path = ConvertRules.swift; sourceTree = "<group>"; };
		8EE43AFC2E5B3608004D3174 /* TestExamples.swift */ = {isa = PBXFileReference; fileEncoding = 4; lastKnownFileType = sourcecode.swift; path = TestExamples.swift; sourceTree = "<group>"; };
		8EE43AFE2E5B368C004D3174 /* RuleConverterTest.swift */ = {isa = PBXFileReference; fileEncoding = 4; lastKnownFileType = sourcecode.swift; path = RuleConverterTest.swift; sourceTree = "<group>"; };
		8EE43B002E5B36DB004D3174 /* adblock_rules.txt */ = {isa = PBXFileReference; fileEncoding = 4; lastKnownFileType = text; path = adblock_rules.txt; sourceTree = "<group>"; };
/* End PBXFileReference section */

/* Begin PBXFrameworksBuildPhase section */
		8E4B5F5D2E5B0C140086655B /* Frameworks */ = {
			isa = PBXFrameworksBuildPhase;
			buildActionMask = 2147483647;
			files = (
			);
			runOnlyForDeploymentPostprocessing = 0;
		};
		8ECF28042E59BAFE000A5748 /* Frameworks */ = {
			isa = PBXFrameworksBuildPhase;
			buildActionMask = 2147483647;
			files = (
			);
			runOnlyForDeploymentPostprocessing = 0;
		};
/* End PBXFrameworksBuildPhase section */

/* Begin PBXGroup section */
		8E4B5F612E5B0C140086655B /* adblocker */ = {
			isa = PBXGroup;
			children = (
				8EE43B002E5B36DB004D3174 /* adblock_rules.txt */,
				8EE43AF82E5B3572004D3174 /* README_RULES.md */,
				8EE43AFE2E5B368C004D3174 /* RuleConverterTest.swift */,
				8EE43AF62E5B3558004D3174 /* ExampleUsage.swift */,
				8EE43AF22E5B3518004D3174 /* RuleConverter.swift */,
				8EE43AFA2E5B3596004D3174 /* ConvertRules.swift */,
				8EE43AFC2E5B3608004D3174 /* TestExamples.swift */,
				8E4B5F622E5B0C140086655B /* blockerList.json */,
				8E4B5F642E5B0C140086655B /* ContentBlockerRequestHandler.swift */,
				8E4B5F662E5B0C140086655B /* Info.plist */,
			);
			path = adblocker;
			sourceTree = "<group>";
		};
		8ECF27FE2E59BAFE000A5748 = {
			isa = PBXGroup;
			children = (
				8ECF28092E59BAFE000A5748 /* SufrShield */,
				8E4B5F612E5B0C140086655B /* adblocker */,
				8ECF28082E59BAFE000A5748 /* Products */,
			);
			sourceTree = "<group>";
		};
		8ECF28082E59BAFE000A5748 /* Products */ = {
			isa = PBXGroup;
			children = (
				8ECF28072E59BAFE000A5748 /* SufrShield.app */,
				8E4B5F602E5B0C140086655B /* adblocker.appex */,
			);
			name = Products;
			sourceTree = "<group>";
		};
		8ECF28092E59BAFE000A5748 /* SufrShield */ = {
			isa = PBXGroup;
			children = (
				8ECF28182E59BC33000A5748 /* App */,
				8ECF28282E59BDCB000A5748 /* Screens */,
				8ECF280E2E59BB03000A5748 /* Assets.xcassets */,
				8ECF28212E59BC80000A5748 /* Theme */,
				8ECF28242E59BC80000A5748 /* Padding.swift */,
				8ECF28102E59BB03000A5748 /* Preview Content */,
			);
			path = SufrShield;
			sourceTree = "<group>";
		};
		8ECF28102E59BB03000A5748 /* Preview Content */ = {
			isa = PBXGroup;
			children = (
				8ECF28112E59BB03000A5748 /* Preview Assets.xcassets */,
			);
			path = "Preview Content";
			sourceTree = "<group>";
		};
		8ECF28182E59BC33000A5748 /* App */ = {
			isa = PBXGroup;
			children = (
				8ECF280A2E59BAFE000A5748 /* SufrShieldApp.swift */,
				8ECF28192E59BC3F000A5748 /* MainView.swift */,
				8ECF281B2E59BC45000A5748 /* TabBarView.swift */,
				8ECF281D2E59BC4E000A5748 /* Coordinator.swift */,
				8ECF281F2E59BC57000A5748 /* Screen.swift */,
			);
			path = App;
			sourceTree = "<group>";
		};
		8ECF28212E59BC80000A5748 /* Theme */ = {
			isa = PBXGroup;
			children = (
				8ECF28222E59BC80000A5748 /* Colors */,
			);
			path = Theme;
			sourceTree = "<group>";
		};
		8ECF28222E59BC80000A5748 /* Colors */ = {
			isa = PBXGroup;
			children = (
				8ECF28232E59BC80000A5748 /* Colors.xcassets */,
				8ECF28252E59BC80000A5748 /* Colors.swift */,
			);
			path = Colors;
			sourceTree = "<group>";
		};
		8ECF28282E59BDCB000A5748 /* Screens */ = {
			isa = PBXGroup;
			children = (
				8ECF280C2E59BAFE000A5748 /* BlockAdsView.swift */,
			);
			path = Screens;
			sourceTree = "<group>";
		};
/* End PBXGroup section */

/* Begin PBXNativeTarget section */
		8E4B5F5F2E5B0C140086655B /* adblocker */ = {
			isa = PBXNativeTarget;
			buildConfigurationList = 8E4B5F6D2E5B0C140086655B /* Build configuration list for PBXNativeTarget "adblocker" */;
			buildPhases = (
				8E4B5F5C2E5B0C140086655B /* Sources */,
				8E4B5F5D2E5B0C140086655B /* Frameworks */,
				8E4B5F5E2E5B0C140086655B /* Resources */,
			);
			buildRules = (
			);
			dependencies = (
			);
			name = adblocker;
			productName = adblocker;
			productReference = 8E4B5F602E5B0C140086655B /* adblocker.appex */;
			productType = "com.apple.product-type.app-extension";
		};
		8ECF28062E59BAFE000A5748 /* SufrShield */ = {
			isa = PBXNativeTarget;
			buildConfigurationList = 8ECF28152E59BB03000A5748 /* Build configuration list for PBXNativeTarget "SufrShield" */;
			buildPhases = (
				8ECF28032E59BAFE000A5748 /* Sources */,
				8ECF28042E59BAFE000A5748 /* Frameworks */,
				8ECF28052E59BAFE000A5748 /* Resources */,
				8E4B5F6A2E5B0C140086655B /* Embed Foundation Extensions */,
			);
			buildRules = (
			);
			dependencies = (
				8E4B5F682E5B0C140086655B /* PBXTargetDependency */,
			);
			name = SufrShield;
			productName = SufrShield;
			productReference = 8ECF28072E59BAFE000A5748 /* SufrShield.app */;
			productType = "com.apple.product-type.application";
		};
/* End PBXNativeTarget section */

/* Begin PBXProject section */
		8ECF27FF2E59BAFE000A5748 /* Project object */ = {
			isa = PBXProject;
			attributes = {
				BuildIndependentTargetsInParallel = 1;
				LastSwiftUpdateCheck = 1520;
				LastUpgradeCheck = 1520;
				TargetAttributes = {
					8E4B5F5F2E5B0C140086655B = {
						CreatedOnToolsVersion = 15.2;
					};
					8ECF28062E59BAFE000A5748 = {
						CreatedOnToolsVersion = 15.2;
					};
				};
			};
			buildConfigurationList = 8ECF28022E59BAFE000A5748 /* Build configuration list for PBXProject "SufrShield" */;
			compatibilityVersion = "Xcode 14.0";
			developmentRegion = en;
			hasScannedForEncodings = 0;
			knownRegions = (
				en,
				Base,
			);
			mainGroup = 8ECF27FE2E59BAFE000A5748;
			productRefGroup = 8ECF28082E59BAFE000A5748 /* Products */;
			projectDirPath = "";
			projectRoot = "";
			targets = (
				8ECF28062E59BAFE000A5748 /* SufrShield */,
				8E4B5F5F2E5B0C140086655B /* adblocker */,
			);
		};
/* End PBXProject section */

/* Begin PBXResourcesBuildPhase section */
		8E4B5F5E2E5B0C140086655B /* Resources */ = {
			isa = PBXResourcesBuildPhase;
			buildActionMask = 2147483647;
			files = (
				8EE43B012E5B36DB004D3174 /* adblock_rules.txt in Resources */,
				8EE43AF92E5B3572004D3174 /* README_RULES.md in Resources */,
				8E4B5F632E5B0C140086655B /* blockerList.json in Resources */,
			);
			runOnlyForDeploymentPostprocessing = 0;
		};
		8ECF28052E59BAFE000A5748 /* Resources */ = {
			isa = PBXResourcesBuildPhase;
			buildActionMask = 2147483647;
			files = (
				8ECF28292E59BF64000A5748 /* Colors.xcassets in Resources */,
				8ECF28122E59BB03000A5748 /* Preview Assets.xcassets in Resources */,
				8E9B72792E5B32D500070683 /* Assets.xcassets in Resources */,
			);
			runOnlyForDeploymentPostprocessing = 0;
		};
/* End PBXResourcesBuildPhase section */

/* Begin PBXSourcesBuildPhase section */
		8E4B5F5C2E5B0C140086655B /* Sources */ = {
			isa = PBXSourcesBuildPhase;
			buildActionMask = 2147483647;
			files = (
				8EE43AF32E5B3518004D3174 /* RuleConverter.swift in Sources */,
				8EE43AFB2E5B3596004D3174 /* ConvertRules.swift in Sources */,
				8EE43AF72E5B3558004D3174 /* ExampleUsage.swift in Sources */,
				8EE43AFD2E5B3608004D3174 /* TestExamples.swift in Sources */,
				8EE43AFF2E5B368C004D3174 /* RuleConverterTest.swift in Sources */,
				8E4B5F652E5B0C140086655B /* ContentBlockerRequestHandler.swift in Sources */,
			);
			runOnlyForDeploymentPostprocessing = 0;
		};
		8ECF28032E59BAFE000A5748 /* Sources */ = {
			isa = PBXSourcesBuildPhase;
			buildActionMask = 2147483647;
			files = (
				8ECF280D2E59BAFE000A5748 /* BlockAdsView.swift in Sources */,
				8ECF281A2E59BC3F000A5748 /* MainView.swift in Sources */,
				8ECF281E2E59BC4E000A5748 /* Coordinator.swift in Sources */,
				8ECF28262E59BCD4000A5748 /* Colors.swift in Sources */,
				8ECF281C2E59BC45000A5748 /* TabBarView.swift in Sources */,
				8ECF280B2E59BAFE000A5748 /* SufrShieldApp.swift in Sources */,
				8ECF28202E59BC57000A5748 /* Screen.swift in Sources */,
				8ECF28272E59BCD6000A5748 /* Padding.swift in Sources */,
			);
			runOnlyForDeploymentPostprocessing = 0;
		};
/* End PBXSourcesBuildPhase section */

/* Begin PBXTargetDependency section */
		8E4B5F682E5B0C140086655B /* PBXTargetDependency */ = {
			isa = PBXTargetDependency;
			target = 8E4B5F5F2E5B0C140086655B /* adblocker */;
			targetProxy = 8E4B5F672E5B0C140086655B /* PBXContainerItemProxy */;
		};
/* End PBXTargetDependency section */

/* Begin XCBuildConfiguration section */
		8E4B5F6B2E5B0C140086655B /* Debug */ = {
			isa = XCBuildConfiguration;
			buildSettings = {
				ARCHS = "$(ARCHS_STANDARD_64_BIT)";
				CODE_SIGN_STYLE = Automatic;
				CURRENT_PROJECT_VERSION = 1;
				DEVELOPMENT_TEAM = 6TVC5Q5R78;
				GENERATE_INFOPLIST_FILE = YES;
				INFOPLIST_FILE = adblocker/Info.plist;
				INFOPLIST_KEY_CFBundleDisplayName = adblocker;
				INFOPLIST_KEY_NSHumanReadableCopyright = "";
				IPHONEOS_DEPLOYMENT_TARGET = 17.2;
				LD_RUNPATH_SEARCH_PATHS = (
					"$(inherited)",
					"@executable_path/Frameworks",
					"@executable_path/../../Frameworks",
				);
				MARKETING_VERSION = 1.0;
				PRODUCT_BUNDLE_IDENTIFIER = com.surfshield.app.SufrShield.adblocker;
				PRODUCT_NAME = "$(TARGET_NAME)";
				SKIP_INSTALL = YES;
				SWIFT_EMIT_LOC_STRINGS = YES;
				SWIFT_VERSION = 5.0;
				TARGETED_DEVICE_FAMILY = "1,2";
			};
			name = Debug;
		};
		8E4B5F6C2E5B0C140086655B /* Release */ = {
			isa = XCBuildConfiguration;
			buildSettings = {
				ARCHS = "$(ARCHS_STANDARD_64_BIT)";
				CODE_SIGN_STYLE = Automatic;
				CURRENT_PROJECT_VERSION = 1;
				DEVELOPMENT_TEAM = 6TVC5Q5R78;
				GENERATE_INFOPLIST_FILE = YES;
				INFOPLIST_FILE = adblocker/Info.plist;
				INFOPLIST_KEY_CFBundleDisplayName = adblocker;
				INFOPLIST_KEY_NSHumanReadableCopyright = "";
				IPHONEOS_DEPLOYMENT_TARGET = 17.2;
				LD_RUNPATH_SEARCH_PATHS = (
					"$(inherited)",
					"@executable_path/Frameworks",
					"@executable_path/../../Frameworks",
				);
				MARKETING_VERSION = 1.0;
				PRODUCT_BUNDLE_IDENTIFIER = com.surfshield.app.SufrShield.adblocker;
				PRODUCT_NAME = "$(TARGET_NAME)";
				SKIP_INSTALL = YES;
				SWIFT_EMIT_LOC_STRINGS = YES;
				SWIFT_VERSION = 5.0;
				TARGETED_DEVICE_FAMILY = "1,2";
			};
			name = Release;
		};
		8ECF28132E59BB03000A5748 /* Debug */ = {
			isa = XCBuildConfiguration;
			buildSettings = {
				ALWAYS_SEARCH_USER_PATHS = NO;
				ASSETCATALOG_COMPILER_GENERATE_SWIFT_ASSET_SYMBOL_EXTENSIONS = YES;
				CLANG_ANALYZER_NONNULL = YES;
				CLANG_ANALYZER_NUMBER_OBJECT_CONVERSION = YES_AGGRESSIVE;
				CLANG_CXX_LANGUAGE_STANDARD = "gnu++20";
				CLANG_ENABLE_MODULES = YES;
				CLANG_ENABLE_OBJC_ARC = YES;
				CLANG_ENABLE_OBJC_WEAK = YES;
				CLANG_WARN_BLOCK_CAPTURE_AUTORELEASING = YES;
				CLANG_WARN_BOOL_CONVERSION = YES;
				CLANG_WARN_COMMA = YES;
				CLANG_WARN_CONSTANT_CONVERSION = YES;
				CLANG_WARN_DEPRECATED_OBJC_IMPLEMENTATIONS = YES;
				CLANG_WARN_DIRECT_OBJC_ISA_USAGE = YES_ERROR;
				CLANG_WARN_DOCUMENTATION_COMMENTS = YES;
				CLANG_WARN_EMPTY_BODY = YES;
				CLANG_WARN_ENUM_CONVERSION = YES;
				CLANG_WARN_INFINITE_RECURSION = YES;
				CLANG_WARN_INT_CONVERSION = YES;
				CLANG_WARN_NON_LITERAL_NULL_CONVERSION = YES;
				CLANG_WARN_OBJC_IMPLICIT_RETAIN_SELF = YES;
				CLANG_WARN_OBJC_LITERAL_CONVERSION = YES;
				CLANG_WARN_OBJC_ROOT_CLASS = YES_ERROR;
				CLANG_WARN_QUOTED_INCLUDE_IN_FRAMEWORK_HEADER = YES;
				CLANG_WARN_RANGE_LOOP_ANALYSIS = YES;
				CLANG_WARN_STRICT_PROTOTYPES = YES;
				CLANG_WARN_SUSPICIOUS_MOVE = YES;
				CLANG_WARN_UNGUARDED_AVAILABILITY = YES_AGGRESSIVE;
				CLANG_WARN_UNREACHABLE_CODE = YES;
				CLANG_WARN__DUPLICATE_METHOD_MATCH = YES;
				COPY_PHASE_STRIP = NO;
				DEBUG_INFORMATION_FORMAT = dwarf;
				ENABLE_STRICT_OBJC_MSGSEND = YES;
				ENABLE_TESTABILITY = YES;
				ENABLE_USER_SCRIPT_SANDBOXING = YES;
				GCC_C_LANGUAGE_STANDARD = gnu17;
				GCC_DYNAMIC_NO_PIC = NO;
				GCC_NO_COMMON_BLOCKS = YES;
				GCC_OPTIMIZATION_LEVEL = 0;
				GCC_PREPROCESSOR_DEFINITIONS = (
					"DEBUG=1",
					"$(inherited)",
				);
				GCC_WARN_64_TO_32_BIT_CONVERSION = YES;
				GCC_WARN_ABOUT_RETURN_TYPE = YES_ERROR;
				GCC_WARN_UNDECLARED_SELECTOR = YES;
				GCC_WARN_UNINITIALIZED_AUTOS = YES_AGGRESSIVE;
				GCC_WARN_UNUSED_FUNCTION = YES;
				GCC_WARN_UNUSED_VARIABLE = YES;
				IPHONEOS_DEPLOYMENT_TARGET = 16.0;
				LOCALIZATION_PREFERS_STRING_CATALOGS = YES;
				MTL_ENABLE_DEBUG_INFO = INCLUDE_SOURCE;
				MTL_FAST_MATH = YES;
				ONLY_ACTIVE_ARCH = YES;
				SDKROOT = iphoneos;
				SWIFT_ACTIVE_COMPILATION_CONDITIONS = "DEBUG $(inherited)";
				SWIFT_OPTIMIZATION_LEVEL = "-Onone";
			};
			name = Debug;
		};
		8ECF28142E59BB03000A5748 /* Release */ = {
			isa = XCBuildConfiguration;
			buildSettings = {
				ALWAYS_SEARCH_USER_PATHS = NO;
				ASSETCATALOG_COMPILER_GENERATE_SWIFT_ASSET_SYMBOL_EXTENSIONS = YES;
				CLANG_ANALYZER_NONNULL = YES;
				CLANG_ANALYZER_NUMBER_OBJECT_CONVERSION = YES_AGGRESSIVE;
				CLANG_CXX_LANGUAGE_STANDARD = "gnu++20";
				CLANG_ENABLE_MODULES = YES;
				CLANG_ENABLE_OBJC_ARC = YES;
				CLANG_ENABLE_OBJC_WEAK = YES;
				CLANG_WARN_BLOCK_CAPTURE_AUTORELEASING = YES;
				CLANG_WARN_BOOL_CONVERSION = YES;
				CLANG_WARN_COMMA = YES;
				CLANG_WARN_CONSTANT_CONVERSION = YES;
				CLANG_WARN_DEPRECATED_OBJC_IMPLEMENTATIONS = YES;
				CLANG_WARN_DIRECT_OBJC_ISA_USAGE = YES_ERROR;
				CLANG_WARN_DOCUMENTATION_COMMENTS = YES;
				CLANG_WARN_EMPTY_BODY = YES;
				CLANG_WARN_ENUM_CONVERSION = YES;
				CLANG_WARN_INFINITE_RECURSION = YES;
				CLANG_WARN_INT_CONVERSION = YES;
				CLANG_WARN_NON_LITERAL_NULL_CONVERSION = YES;
				CLANG_WARN_OBJC_IMPLICIT_RETAIN_SELF = YES;
				CLANG_WARN_OBJC_LITERAL_CONVERSION = YES;
				CLANG_WARN_OBJC_ROOT_CLASS = YES_ERROR;
				CLANG_WARN_QUOTED_INCLUDE_IN_FRAMEWORK_HEADER = YES;
				CLANG_WARN_RANGE_LOOP_ANALYSIS = YES;
				CLANG_WARN_STRICT_PROTOTYPES = YES;
				CLANG_WARN_SUSPICIOUS_MOVE = YES;
				CLANG_WARN_UNGUARDED_AVAILABILITY = YES_AGGRESSIVE;
				CLANG_WARN_UNREACHABLE_CODE = YES;
				CLANG_WARN__DUPLICATE_METHOD_MATCH = YES;
				COPY_PHASE_STRIP = NO;
				DEBUG_INFORMATION_FORMAT = "dwarf-with-dsym";
				ENABLE_NS_ASSERTIONS = NO;
				ENABLE_STRICT_OBJC_MSGSEND = YES;
				ENABLE_USER_SCRIPT_SANDBOXING = YES;
				GCC_C_LANGUAGE_STANDARD = gnu17;
				GCC_NO_COMMON_BLOCKS = YES;
				GCC_WARN_64_TO_32_BIT_CONVERSION = YES;
				GCC_WARN_ABOUT_RETURN_TYPE = YES_ERROR;
				GCC_WARN_UNDECLARED_SELECTOR = YES;
				GCC_WARN_UNINITIALIZED_AUTOS = YES_AGGRESSIVE;
				GCC_WARN_UNUSED_FUNCTION = YES;
				GCC_WARN_UNUSED_VARIABLE = YES;
				IPHONEOS_DEPLOYMENT_TARGET = 16.0;
				LOCALIZATION_PREFERS_STRING_CATALOGS = YES;
				MTL_ENABLE_DEBUG_INFO = NO;
				MTL_FAST_MATH = YES;
				SDKROOT = iphoneos;
				SWIFT_COMPILATION_MODE = wholemodule;
				VALIDATE_PRODUCT = YES;
			};
			name = Release;
		};
		8ECF28162E59BB03000A5748 /* Debug */ = {
			isa = XCBuildConfiguration;
			buildSettings = {
				ALWAYS_EMBED_SWIFT_STANDARD_LIBRARIES = YES;
				ASSETCATALOG_COMPILER_APPICON_NAME = AppIcon;
				ASSETCATALOG_COMPILER_GLOBAL_ACCENT_COLOR_NAME = AccentColor;
				CODE_SIGN_STYLE = Automatic;
				CURRENT_PROJECT_VERSION = 1;
				DEVELOPMENT_ASSET_PATHS = "\"SufrShield/Preview Content\"";
				DEVELOPMENT_TEAM = 6TVC5Q5R78;
				ENABLE_PREVIEWS = YES;
				GENERATE_INFOPLIST_FILE = YES;
				INFOPLIST_KEY_UIApplicationSceneManifest_Generation = YES;
				INFOPLIST_KEY_UIApplicationSupportsIndirectInputEvents = YES;
				INFOPLIST_KEY_UILaunchScreen_Generation = YES;
				INFOPLIST_KEY_UISupportedInterfaceOrientations_iPad = "UIInterfaceOrientationPortrait UIInterfaceOrientationPortraitUpsideDown UIInterfaceOrientationLandscapeLeft UIInterfaceOrientationLandscapeRight";
				INFOPLIST_KEY_UISupportedInterfaceOrientations_iPhone = "UIInterfaceOrientationPortrait UIInterfaceOrientationLandscapeLeft UIInterfaceOrientationLandscapeRight";
				IPHONEOS_DEPLOYMENT_TARGET = 16.0;
				LD_RUNPATH_SEARCH_PATHS = (
					"$(inherited)",
					"@executable_path/Frameworks",
				);
				MARKETING_VERSION = 1.0;
				PRODUCT_BUNDLE_IDENTIFIER = com.surfshield.app.SufrShield;
				PRODUCT_NAME = "$(TARGET_NAME)";
				SWIFT_EMIT_LOC_STRINGS = YES;
				SWIFT_VERSION = 5.0;
				TARGETED_DEVICE_FAMILY = "1,2";
			};
			name = Debug;
		};
		8ECF28172E59BB03000A5748 /* Release */ = {
			isa = XCBuildConfiguration;
			buildSettings = {
				ALWAYS_EMBED_SWIFT_STANDARD_LIBRARIES = YES;
				ASSETCATALOG_COMPILER_APPICON_NAME = AppIcon;
				ASSETCATALOG_COMPILER_GLOBAL_ACCENT_COLOR_NAME = AccentColor;
				CODE_SIGN_STYLE = Automatic;
				CURRENT_PROJECT_VERSION = 1;
				DEVELOPMENT_ASSET_PATHS = "\"SufrShield/Preview Content\"";
				DEVELOPMENT_TEAM = 6TVC5Q5R78;
				ENABLE_PREVIEWS = YES;
				GENERATE_INFOPLIST_FILE = YES;
				INFOPLIST_KEY_UIApplicationSceneManifest_Generation = YES;
				INFOPLIST_KEY_UIApplicationSupportsIndirectInputEvents = YES;
				INFOPLIST_KEY_UILaunchScreen_Generation = YES;
				INFOPLIST_KEY_UISupportedInterfaceOrientations_iPad = "UIInterfaceOrientationPortrait UIInterfaceOrientationPortraitUpsideDown UIInterfaceOrientationLandscapeLeft UIInterfaceOrientationLandscapeRight";
				INFOPLIST_KEY_UISupportedInterfaceOrientations_iPhone = "UIInterfaceOrientationPortrait UIInterfaceOrientationLandscapeLeft UIInterfaceOrientationLandscapeRight";
				IPHONEOS_DEPLOYMENT_TARGET = 16.0;
				LD_RUNPATH_SEARCH_PATHS = (
					"$(inherited)",
					"@executable_path/Frameworks",
				);
				MARKETING_VERSION = 1.0;
				PRODUCT_BUNDLE_IDENTIFIER = com.surfshield.app.SufrShield;
				PRODUCT_NAME = "$(TARGET_NAME)";
				SWIFT_EMIT_LOC_STRINGS = YES;
				SWIFT_VERSION = 5.0;
				TARGETED_DEVICE_FAMILY = "1,2";
			};
			name = Release;
		};
/* End XCBuildConfiguration section */

/* Begin XCConfigurationList section */
		8E4B5F6D2E5B0C140086655B /* Build configuration list for PBXNativeTarget "adblocker" */ = {
			isa = XCConfigurationList;
			buildConfigurations = (
				8E4B5F6B2E5B0C140086655B /* Debug */,
				8E4B5F6C2E5B0C140086655B /* Release */,
			);
			defaultConfigurationIsVisible = 0;
			defaultConfigurationName = Release;
		};
		8ECF28022E59BAFE000A5748 /* Build configuration list for PBXProject "SufrShield" */ = {
			isa = XCConfigurationList;
			buildConfigurations = (
				8ECF28132E59BB03000A5748 /* Debug */,
				8ECF28142E59BB03000A5748 /* Release */,
			);
			defaultConfigurationIsVisible = 0;
			defaultConfigurationName = Release;
		};
		8ECF28152E59BB03000A5748 /* Build configuration list for PBXNativeTarget "SufrShield" */ = {
			isa = XCConfigurationList;
			buildConfigurations = (
				8ECF28162E59BB03000A5748 /* Debug */,
				8ECF28172E59BB03000A5748 /* Release */,
			);
			defaultConfigurationIsVisible = 0;
			defaultConfigurationName = Release;
		};
/* End XCConfigurationList section */
	};
	rootObject = 8ECF27FF2E59BAFE000A5748 /* Project object */;
}
